
Microsoft Visual Studio Solution File, Format Version 10.00
# Visual Studio 2008
Project("{8BC9CEB8-8B4A-11D0-8D11-00A0C91BC942}") = "flexconf", "flexconf.vcproj", "{16605B70-2DF9-4E6A-AB9B-E36590F0629B}"
EndProject
Project("{8BC9CEB8-8B4A-11D0-8D11-00A0C91BC942}") = "test", "src\test\test.vcproj", "{DD1DE3A5-E4D7-48C7-B4FB-A22331253A48}"
	ProjectSection(ProjectDependencies) = postProject
		{16605B70-2DF9-4E6A-AB9B-E36590F0629B} = {16605B70-2DF9-4E6A-AB9B-E36590F0629B}
	EndProjectSection
EndProject
Project("{2150E333-8FDC-42A3-9474-1A3956D46DE8}") = "scripts", "scripts", "{130E1017-A970-45FA-BA73-CB96DBE66BA7}"
	ProjectSection(SolutionItems) = preProject
		script\strcode.pl = script\strcode.pl
	EndProjectSection
EndProject
Global
	GlobalSection(SolutionConfigurationPlatforms) = preSolution
		Debug|Win32 = Debug|Win32
		Release|Win32 = Release|Win32
	EndGlobalSection
	GlobalSection(ProjectConfigurationPlatforms) = postSolution
		{16605B70-2DF9-4E6A-AB9B-E36590F0629B}.Debug|Win32.ActiveCfg = Debug|Win32
		{16605B70-2DF9-4E6A-AB9B-E36590F0629B}.Debug|Win32.Build.0 = Debug|Win32
		{16605B70-2DF9-4E6A-AB9B-E36590F0629B}.Release|Win32.ActiveCfg = Release|Win32
		{16605B70-2DF9-4E6A-AB9B-E36590F0629B}.Release|Win32.Build.0 = Release|Win32
		{DD1DE3A5-E4D7-48C7-B4FB-A22331253A48}.Debug|Win32.ActiveCfg = Debug|Win32
		{DD1DE3A5-E4D7-48C7-B4FB-A22331253A48}.Debug|Win32.Build.0 = Debug|Win32
		{DD1DE3A5-E4D7-48C7-B4FB-A22331253A48}.Release|Win32.ActiveCfg = Release|Win32
		{DD1DE3A5-E4D7-48C7-B4FB-A22331253A48}.Release|Win32.Build.0 = Release|Win32
	EndGlobalSection
	GlobalSection(SolutionProperties) = preSolution
		HideSolutionNode = FALSE
	EndGlobalSection
EndGlobal
